
Microsoft Visual Studio Solution File, Format Version 12.00
# Visual Studio 15
VisualStudioVersion = 15.0.26730.16
MinimumVisualStudioVersion = 10.0.40219.1
Project("{8BC9CEB8-8B4A-11D0-8D11-00A0C91BC942}") = "CW1", "CW1\CW1.vcxproj", "{129ECBBF-73E5-4AFD-96A2-D8D20F5DF194}"
EndProject
Global
	GlobalSection(SolutionConfigurationPlatforms) = preSolution
		Debug|x64 = Debug|x64
		Debug|x86 = Debug|x86
		Release|x64 = Release|x64
		Release|x86 = Release|x86
	EndGlobalSection
	GlobalSection(ProjectConfigurationPlatforms) = postSolution
		{129ECBBF-73E5-4AFD-96A2-D8D20F5DF194}.Debug|x64.ActiveCfg = Debug|x64
		{129ECBBF-73E5-4AFD-96A2-D8D20F5DF194}.Debug|x64.Build.0 = Debug|x64
		{129ECBBF-73E5-4AFD-96A2-D8D20F5DF194}.Debug|x86.ActiveCfg = Debug|Win32
		{129ECBBF-73E5-4AFD-96A2-D8D20F5DF194}.Debug|x86.Build.0 = Debug|Win32
		{129ECBBF-73E5-4AFD-96A2-D8D20F5DF194}.Release|x64.ActiveCfg = Release|x64
		{129ECBBF-73E5-4AFD-96A2-D8D20F5DF194}.Release|x64.Build.0 = Release|x64
		{129ECBBF-73E5-4AFD-96A2-D8D20F5DF194}.Release|x86.ActiveCfg = Release|Win32
		{129ECBBF-73E5-4AFD-96A2-D8D20F5DF194}.Release|x86.Build.0 = Release|Win32
	EndGlobalSection
	GlobalSection(SolutionProperties) = preSolution
		HideSolutionNode = FALSE
	EndGlobalSection
	GlobalSection(ExtensibilityGlobals) = postSolution
		SolutionGuid = {97CB3E75-497A-44CD-A851-78C9618A3B85}
	EndGlobalSection
EndGlobal
