
Microsoft Visual Studio Solution File, Format Version 12.00
# Visual Studio 15
VisualStudioVersion = 15.0.27004.2008
MinimumVisualStudioVersion = 10.0.40219.1
Project("{8BC9CEB8-8B4A-11D0-8D11-00A0C91BC942}") = "5.7", "5.7\5.7.vcxproj", "{A8074EF7-117A-494D-ACC8-B3CD755EBD94}"
EndProject
Global
	GlobalSection(SolutionConfigurationPlatforms) = preSolution
		Debug|x64 = Debug|x64
		Debug|x86 = Debug|x86
		Release|x64 = Release|x64
		Release|x86 = Release|x86
	EndGlobalSection
	GlobalSection(ProjectConfigurationPlatforms) = postSolution
		{A8074EF7-117A-494D-ACC8-B3CD755EBD94}.Debug|x64.ActiveCfg = Debug|x64
		{A8074EF7-117A-494D-ACC8-B3CD755EBD94}.Debug|x64.Build.0 = Debug|x64
		{A8074EF7-117A-494D-ACC8-B3CD755EBD94}.Debug|x86.ActiveCfg = Debug|Win32
		{A8074EF7-117A-494D-ACC8-B3CD755EBD94}.Debug|x86.Build.0 = Debug|Win32
		{A8074EF7-117A-494D-ACC8-B3CD755EBD94}.Release|x64.ActiveCfg = Release|x64
		{A8074EF7-117A-494D-ACC8-B3CD755EBD94}.Release|x64.Build.0 = Release|x64
		{A8074EF7-117A-494D-ACC8-B3CD755EBD94}.Release|x86.ActiveCfg = Release|Win32
		{A8074EF7-117A-494D-ACC8-B3CD755EBD94}.Release|x86.Build.0 = Release|Win32
	EndGlobalSection
	GlobalSection(SolutionProperties) = preSolution
		HideSolutionNode = FALSE
	EndGlobalSection
	GlobalSection(ExtensibilityGlobals) = postSolution
		SolutionGuid = {1E4A4672-F1F3-4EE6-A2D5-FDB54AD51328}
	EndGlobalSection
EndGlobal
